
Microsoft Visual Studio Solution File, Format Version 12.00
# Visual Studio Version 16
VisualStudioVersion = 16.0.31205.134
MinimumVisualStudioVersion = 10.0.40219.1
Project("{9A19103F-16F7-4668-BE54-9A1E7A4F7556}") = "AddressBook", "AddressBook\AddressBook.csproj", "{1AFCD5FE-170C-4729-8E9A-225F39BD413C}"
EndProject
Project("{FAE04EC0-301F-11D3-BF4B-00C04F79EFBC}") = "FileIO", "FileIO\FileIO.csproj", "{61706F17-081A-4381-BB79-968ABD0A67BF}"
EndProject
Global
	GlobalSection(SolutionConfigurationPlatforms) = preSolution
		Debug|Any CPU = Debug|Any CPU
		Release|Any CPU = Release|Any CPU
	EndGlobalSection
	GlobalSection(ProjectConfigurationPlatforms) = postSolution
		{1AFCD5FE-170C-4729-8E9A-225F39BD413C}.Debug|Any CPU.ActiveCfg = Debug|Any CPU
		{1AFCD5FE-170C-4729-8E9A-225F39BD413C}.Debug|Any CPU.Build.0 = Debug|Any CPU
		{1AFCD5FE-170C-4729-8E9A-225F39BD413C}.Release|Any CPU.ActiveCfg = Release|Any CPU
		{1AFCD5FE-170C-4729-8E9A-225F39BD413C}.Release|Any CPU.Build.0 = Release|Any CPU
		{61706F17-081A-4381-BB79-968ABD0A67BF}.Debug|Any CPU.ActiveCfg = Debug|Any CPU
		{61706F17-081A-4381-BB79-968ABD0A67BF}.Debug|Any CPU.Build.0 = Debug|Any CPU
		{61706F17-081A-4381-BB79-968ABD0A67BF}.Release|Any CPU.ActiveCfg = Release|Any CPU
		{61706F17-081A-4381-BB79-968ABD0A67BF}.Release|Any CPU.Build.0 = Release|Any CPU
	EndGlobalSection
	GlobalSection(SolutionProperties) = preSolution
		HideSolutionNode = FALSE
	EndGlobalSection
	GlobalSection(ExtensibilityGlobals) = postSolution
		SolutionGuid = {375747B4-697A-4911-8E69-FED6F1D2A36A}
	EndGlobalSection
EndGlobal
